// !$*UTF8*$!
{
	archiveVersion = 1;
	classes = {
	};
	objectVersion = 56;
	objects = {

/* Begin PBXBuildFile section */
		0C5C276EC91CCC784C7DA8A8 /* Pods_FakeUltroDemo.framework in Frameworks */ = {isa = PBXBuildFile; fileRef = FBBF985DDD2D187B3CE5E1CD /* Pods_FakeUltroDemo.framework */; };
		21FDFEECDA93C7BE64FC3D3E /* Pods_FakeUltroDemoTests.framework in Frameworks */ = {isa = PBXBuildFile; fileRef = 99BE5A573396360968DD8601 /* Pods_FakeUltroDemoTests.framework */; };
		711E36622A1CA14D00DB305D /* FakeUltroDemoApp.swift in Sources */ = {isa = PBXBuildFile; fileRef = 711E36612A1CA14D00DB305D /* FakeUltroDemoApp.swift */; };
		711E36642A1CA14D00DB305D /* ContentView.swift in Sources */ = {isa = PBXBuildFile; fileRef = 711E36632A1CA14D00DB305D /* ContentView.swift */; };
		711E36662A1CA14E00DB305D /* Assets.xcassets in Resources */ = {isa = PBXBuildFile; fileRef = 711E36652A1CA14E00DB305D /* Assets.xcassets */; };
		711E36692A1CA14E00DB305D /* Preview Assets.xcassets in Resources */ = {isa = PBXBuildFile; fileRef = 711E36682A1CA14E00DB305D /* Preview Assets.xcassets */; };
		711E36742A1CA14E00DB305D /* FakeUltroDemoTests.swift in Sources */ = {isa = PBXBuildFile; fileRef = 711E36732A1CA14E00DB305D /* FakeUltroDemoTests.swift */; };
		711E367E2A1CA14E00DB305D /* FakeUltroDemoUITests.swift in Sources */ = {isa = PBXBuildFile; fileRef = 711E367D2A1CA14E00DB305D /* FakeUltroDemoUITests.swift */; };
		711E36802A1CA14E00DB305D /* FakeUltroDemoUITestsLaunchTests.swift in Sources */ = {isa = PBXBuildFile; fileRef = 711E367F2A1CA14E00DB305D /* FakeUltroDemoUITestsLaunchTests.swift */; };
		711E368D2A1CA22100DB305D /* FUMessageManager.swift in Sources */ = {isa = PBXBuildFile; fileRef = 711E368C2A1CA22100DB305D /* FUMessageManager.swift */; };
		715132D42A1DE5070069C784 /* FUUsbMuxManager.m in Sources */ = {isa = PBXBuildFile; fileRef = 715132D32A1DE5070069C784 /* FUUsbMuxManager.m */; };
		715132D72A1DE54D0069C784 /* usbmux.m in Sources */ = {isa = PBXBuildFile; fileRef = 715132D62A1DE54D0069C784 /* usbmux.m */; };
		718B42BC2A24BEA4004E215C /* FUUsbMuxRequest.m in Sources */ = {isa = PBXBuildFile; fileRef = 718B42BB2A24BEA4004E215C /* FUUsbMuxRequest.m */; };
		718B42BF2A24BEE6004E215C /* FUTCPRequest.m in Sources */ = {isa = PBXBuildFile; fileRef = 718B42BE2A24BEE6004E215C /* FUTCPRequest.m */; };
		718B42C22A24C33F004E215C /* FUTCPRequestSerializer.m in Sources */ = {isa = PBXBuildFile; fileRef = 718B42C12A24C33F004E215C /* FUTCPRequestSerializer.m */; };
		F018B5D2829DB06753DCFDB5 /* Pods_FakeUltroDemo_FakeUltroDemoUITests.framework in Frameworks */ = {isa = PBXBuildFile; fileRef = CAF9AAA4093C146A09AF72AF /* Pods_FakeUltroDemo_FakeUltroDemoUITests.framework */; };
/* End PBXBuildFile section */

/* Begin PBXContainerItemProxy section */
		711E36702A1CA14E00DB305D /* PBXContainerItemProxy */ = {
			isa = PBXContainerItemProxy;
			containerPortal = 711E36562A1CA14D00DB305D /* Project object */;
			proxyType = 1;
			remoteGlobalIDString = 711E365D2A1CA14D00DB305D;
			remoteInfo = FakeUltroDemo;
		};
		711E367A2A1CA14E00DB305D /* PBXContainerItemProxy */ = {
			isa = PBXContainerItemProxy;
			containerPortal = 711E36562A1CA14D00DB305D /* Project object */;
			proxyType = 1;
			remoteGlobalIDString = 711E365D2A1CA14D00DB305D;
			remoteInfo = FakeUltroDemo;
		};
/* End PBXContainerItemProxy section */

/* Begin PBXFileReference section */
		07C7AA48A8AB78352FE972F9 /* Pods-FakeUltroDemo.release.xcconfig */ = {isa = PBXFileReference; includeInIndex = 1; lastKnownFileType = text.xcconfig; name = "Pods-FakeUltroDemo.release.xcconfig"; path = "Target Support Files/Pods-FakeUltroDemo/Pods-FakeUltroDemo.release.xcconfig"; sourceTree = "<group>"; };
		09737F07C233B1F91189370A /* Pods-FakeUltroDemoTests.debug.xcconfig */ = {isa = PBXFileReference; includeInIndex = 1; lastKnownFileType = text.xcconfig; name = "Pods-FakeUltroDemoTests.debug.xcconfig"; path = "Target Support Files/Pods-FakeUltroDemoTests/Pods-FakeUltroDemoTests.debug.xcconfig"; sourceTree = "<group>"; };
		1281FF159FAD998BF4E6DD8A /* Pods-FakeUltroDemo-FakeUltroDemoUITests.debug.xcconfig */ = {isa = PBXFileReference; includeInIndex = 1; lastKnownFileType = text.xcconfig; name = "Pods-FakeUltroDemo-FakeUltroDemoUITests.debug.xcconfig"; path = "Target Support Files/Pods-FakeUltroDemo-FakeUltroDemoUITests/Pods-FakeUltroDemo-FakeUltroDemoUITests.debug.xcconfig"; sourceTree = "<group>"; };
		4AC2CB2302B5175537ADE2D9 /* Pods-FakeUltroDemo.debug.xcconfig */ = {isa = PBXFileReference; includeInIndex = 1; lastKnownFileType = text.xcconfig; name = "Pods-FakeUltroDemo.debug.xcconfig"; path = "Target Support Files/Pods-FakeUltroDemo/Pods-FakeUltroDemo.debug.xcconfig"; sourceTree = "<group>"; };
		711E365E2A1CA14D00DB305D /* FakeUltroDemo.app */ = {isa = PBXFileReference; explicitFileType = wrapper.application; includeInIndex = 0; path = FakeUltroDemo.app; sourceTree = BUILT_PRODUCTS_DIR; };
		711E36612A1CA14D00DB305D /* FakeUltroDemoApp.swift */ = {isa = PBXFileReference; lastKnownFileType = sourcecode.swift; path = FakeUltroDemoApp.swift; sourceTree = "<group>"; };
		711E36632A1CA14D00DB305D /* ContentView.swift */ = {isa = PBXFileReference; lastKnownFileType = sourcecode.swift; path = ContentView.swift; sourceTree = "<group>"; };
		711E36652A1CA14E00DB305D /* Assets.xcassets */ = {isa = PBXFileReference; lastKnownFileType = folder.assetcatalog; path = Assets.xcassets; sourceTree = "<group>"; };
		711E36682A1CA14E00DB305D /* Preview Assets.xcassets */ = {isa = PBXFileReference; lastKnownFileType = folder.assetcatalog; path = "Preview Assets.xcassets"; sourceTree = "<group>"; };
		711E366A2A1CA14E00DB305D /* FakeUltroDemo.entitlements */ = {isa = PBXFileReference; lastKnownFileType = text.plist.entitlements; path = FakeUltroDemo.entitlements; sourceTree = "<group>"; };
		711E366F2A1CA14E00DB305D /* FakeUltroDemoTests.xctest */ = {isa = PBXFileReference; explicitFileType = wrapper.cfbundle; includeInIndex = 0; path = FakeUltroDemoTests.xctest; sourceTree = BUILT_PRODUCTS_DIR; };
		711E36732A1CA14E00DB305D /* FakeUltroDemoTests.swift */ = {isa = PBXFileReference; lastKnownFileType = sourcecode.swift; path = FakeUltroDemoTests.swift; sourceTree = "<group>"; };
		711E36792A1CA14E00DB305D /* FakeUltroDemoUITests.xctest */ = {isa = PBXFileReference; explicitFileType = wrapper.cfbundle; includeInIndex = 0; path = FakeUltroDemoUITests.xctest; sourceTree = BUILT_PRODUCTS_DIR; };
		711E367D2A1CA14E00DB305D /* FakeUltroDemoUITests.swift */ = {isa = PBXFileReference; lastKnownFileType = sourcecode.swift; path = FakeUltroDemoUITests.swift; sourceTree = "<group>"; };
		711E367F2A1CA14E00DB305D /* FakeUltroDemoUITestsLaunchTests.swift */ = {isa = PBXFileReference; lastKnownFileType = sourcecode.swift; path = FakeUltroDemoUITestsLaunchTests.swift; sourceTree = "<group>"; };
		711E368C2A1CA22100DB305D /* FUMessageManager.swift */ = {isa = PBXFileReference; lastKnownFileType = sourcecode.swift; path = FUMessageManager.swift; sourceTree = "<group>"; };
		711E36902A1CA88300DB305D /* FakeUltroDemo-Bridging-Header.h */ = {isa = PBXFileReference; lastKnownFileType = sourcecode.c.h; path = "FakeUltroDemo-Bridging-Header.h"; sourceTree = "<group>"; };
		715132D22A1DE5070069C784 /* FUUsbMuxManager.h */ = {isa = PBXFileReference; lastKnownFileType = sourcecode.c.h; path = FUUsbMuxManager.h; sourceTree = "<group>"; };
		715132D32A1DE5070069C784 /* FUUsbMuxManager.m */ = {isa = PBXFileReference; lastKnownFileType = sourcecode.c.objc; path = FUUsbMuxManager.m; sourceTree = "<group>"; };
		715132D52A1DE54D0069C784 /* usbmux.h */ = {isa = PBXFileReference; lastKnownFileType = sourcecode.c.h; path = usbmux.h; sourceTree = "<group>"; };
		715132D62A1DE54D0069C784 /* usbmux.m */ = {isa = PBXFileReference; lastKnownFileType = sourcecode.c.objc; path = usbmux.m; sourceTree = "<group>"; };
		718B42B92A24BEA4004E215C /* FUUsbMuxRequest.h */ = {isa = PBXFileReference; fileEncoding = 4; lastKnownFileType = sourcecode.c.h; path = FUUsbMuxRequest.h; sourceTree = "<group>"; };
		718B42BA2A24BEA4004E215C /* usbmux_define.h */ = {isa = PBXFileReference; fileEncoding = 4; lastKnownFileType = sourcecode.c.h; path = usbmux_define.h; sourceTree = "<group>"; };
		718B42BB2A24BEA4004E215C /* FUUsbMuxRequest.m */ = {isa = PBXFileReference; fileEncoding = 4; lastKnownFileType = sourcecode.c.objc; path = FUUsbMuxRequest.m; sourceTree = "<group>"; };
		718B42BD2A24BEE6004E215C /* FUTCPRequest.h */ = {isa = PBXFileReference; lastKnownFileType = sourcecode.c.h; path = FUTCPRequest.h; sourceTree = "<group>"; };
		718B42BE2A24BEE6004E215C /* FUTCPRequest.m */ = {isa = PBXFileReference; lastKnownFileType = sourcecode.c.objc; path = FUTCPRequest.m; sourceTree = "<group>"; };
		718B42C02A24C33F004E215C /* FUTCPRequestSerializer.h */ = {isa = PBXFileReference; lastKnownFileType = sourcecode.c.h; path = FUTCPRequestSerializer.h; sourceTree = "<group>"; };
		718B42C12A24C33F004E215C /* FUTCPRequestSerializer.m */ = {isa = PBXFileReference; lastKnownFileType = sourcecode.c.objc; path = FUTCPRequestSerializer.m; sourceTree = "<group>"; };
		9149042F0B1D5F4DE9E181C0 /* Pods-FakeUltroDemo-FakeUltroDemoUITests.release.xcconfig */ = {isa = PBXFileReference; includeInIndex = 1; lastKnownFileType = text.xcconfig; name = "Pods-FakeUltroDemo-FakeUltroDemoUITests.release.xcconfig"; path = "Target Support Files/Pods-FakeUltroDemo-FakeUltroDemoUITests/Pods-FakeUltroDemo-FakeUltroDemoUITests.release.xcconfig"; sourceTree = "<group>"; };
		99BE5A573396360968DD8601 /* Pods_FakeUltroDemoTests.framework */ = {isa = PBXFileReference; explicitFileType = wrapper.framework; includeInIndex = 0; path = Pods_FakeUltroDemoTests.framework; sourceTree = BUILT_PRODUCTS_DIR; };
		C3B33C68F2B0D543B5462237 /* Pods-FakeUltroDemoTests.release.xcconfig */ = {isa = PBXFileReference; includeInIndex = 1; lastKnownFileType = text.xcconfig; name = "Pods-FakeUltroDemoTests.release.xcconfig"; path = "Target Support Files/Pods-FakeUltroDemoTests/Pods-FakeUltroDemoTests.release.xcconfig"; sourceTree = "<group>"; };
		CAF9AAA4093C146A09AF72AF /* Pods_FakeUltroDemo_FakeUltroDemoUITests.framework */ = {isa = PBXFileReference; explicitFileType = wrapper.framework; includeInIndex = 0; path = Pods_FakeUltroDemo_FakeUltroDemoUITests.framework; sourceTree = BUILT_PRODUCTS_DIR; };
		FBBF985DDD2D187B3CE5E1CD /* Pods_FakeUltroDemo.framework */ = {isa = PBXFileReference; explicitFileType = wrapper.framework; includeInIndex = 0; path = Pods_FakeUltroDemo.framework; sourceTree = BUILT_PRODUCTS_DIR; };
/* End PBXFileReference section */

/* Begin PBXFrameworksBuildPhase section */
		711E365B2A1CA14D00DB305D /* Frameworks */ = {
			isa = PBXFrameworksBuildPhase;
			buildActionMask = 2147483647;
			files = (
				0C5C276EC91CCC784C7DA8A8 /* Pods_FakeUltroDemo.framework in Frameworks */,
			);
			runOnlyForDeploymentPostprocessing = 0;
		};
		711E366C2A1CA14E00DB305D /* Frameworks */ = {
			isa = PBXFrameworksBuildPhase;
			buildActionMask = 2147483647;
			files = (
				21FDFEECDA93C7BE64FC3D3E /* Pods_FakeUltroDemoTests.framework in Frameworks */,
			);
			runOnlyForDeploymentPostprocessing = 0;
		};
		711E36762A1CA14E00DB305D /* Frameworks */ = {
			isa = PBXFrameworksBuildPhase;
			buildActionMask = 2147483647;
			files = (
				F018B5D2829DB06753DCFDB5 /* Pods_FakeUltroDemo_FakeUltroDemoUITests.framework in Frameworks */,
			);
			runOnlyForDeploymentPostprocessing = 0;
		};
/* End PBXFrameworksBuildPhase section */

/* Begin PBXGroup section */
		711E36552A1CA14D00DB305D = {
			isa = PBXGroup;
			children = (
				711E36602A1CA14D00DB305D /* FakeUltroDemo */,
				711E36722A1CA14E00DB305D /* FakeUltroDemoTests */,
				711E367C2A1CA14E00DB305D /* FakeUltroDemoUITests */,
				711E365F2A1CA14D00DB305D /* Products */,
				7EE4628AACD2E2DDB907C89C /* Pods */,
				BA4D66D74EA64F5C0A6F283E /* Frameworks */,
			);
			sourceTree = "<group>";
		};
		711E365F2A1CA14D00DB305D /* Products */ = {
			isa = PBXGroup;
			children = (
				711E365E2A1CA14D00DB305D /* FakeUltroDemo.app */,
				711E366F2A1CA14E00DB305D /* FakeUltroDemoTests.xctest */,
				711E36792A1CA14E00DB305D /* FakeUltroDemoUITests.xctest */,
			);
			name = Products;
			sourceTree = "<group>";
		};
		711E36602A1CA14D00DB305D /* FakeUltroDemo */ = {
			isa = PBXGroup;
			children = (
				711E36612A1CA14D00DB305D /* FakeUltroDemoApp.swift */,
				711E368C2A1CA22100DB305D /* FUMessageManager.swift */,
				711E36632A1CA14D00DB305D /* ContentView.swift */,
				711E36652A1CA14E00DB305D /* Assets.xcassets */,
				711E366A2A1CA14E00DB305D /* FakeUltroDemo.entitlements */,
				712843DC2A26F0AB009B04BF /* HTTP */,
				715132D12A1DE4690069C784 /* usbmux */,
				711E36672A1CA14E00DB305D /* Preview Content */,
				711E36902A1CA88300DB305D /* FakeUltroDemo-Bridging-Header.h */,
			);
			path = FakeUltroDemo;
			sourceTree = "<group>";
		};
		711E36672A1CA14E00DB305D /* Preview Content */ = {
			isa = PBXGroup;
			children = (
				711E36682A1CA14E00DB305D /* Preview Assets.xcassets */,
			);
			path = "Preview Content";
			sourceTree = "<group>";
		};
		711E36722A1CA14E00DB305D /* FakeUltroDemoTests */ = {
			isa = PBXGroup;
			children = (
				711E36732A1CA14E00DB305D /* FakeUltroDemoTests.swift */,
			);
			path = FakeUltroDemoTests;
			sourceTree = "<group>";
		};
		711E367C2A1CA14E00DB305D /* FakeUltroDemoUITests */ = {
			isa = PBXGroup;
			children = (
				711E367D2A1CA14E00DB305D /* FakeUltroDemoUITests.swift */,
				711E367F2A1CA14E00DB305D /* FakeUltroDemoUITestsLaunchTests.swift */,
			);
			path = FakeUltroDemoUITests;
			sourceTree = "<group>";
		};
		712843DC2A26F0AB009B04BF /* HTTP */ = {
			isa = PBXGroup;
			children = (
			);
			path = HTTP;
			sourceTree = "<group>";
		};
		715132D12A1DE4690069C784 /* usbmux */ = {
			isa = PBXGroup;
			children = (
				718B42B92A24BEA4004E215C /* FUUsbMuxRequest.h */,
				718B42BB2A24BEA4004E215C /* FUUsbMuxRequest.m */,
				718B42BD2A24BEE6004E215C /* FUTCPRequest.h */,
				718B42BE2A24BEE6004E215C /* FUTCPRequest.m */,
				718B42C02A24C33F004E215C /* FUTCPRequestSerializer.h */,
				718B42C12A24C33F004E215C /* FUTCPRequestSerializer.m */,
				718B42BA2A24BEA4004E215C /* usbmux_define.h */,
				715132D52A1DE54D0069C784 /* usbmux.h */,
				715132D62A1DE54D0069C784 /* usbmux.m */,
				715132D22A1DE5070069C784 /* FUUsbMuxManager.h */,
				715132D32A1DE5070069C784 /* FUUsbMuxManager.m */,
			);
			path = usbmux;
			sourceTree = "<group>";
		};
		7EE4628AACD2E2DDB907C89C /* Pods */ = {
			isa = PBXGroup;
			children = (
				4AC2CB2302B5175537ADE2D9 /* Pods-FakeUltroDemo.debug.xcconfig */,
				07C7AA48A8AB78352FE972F9 /* Pods-FakeUltroDemo.release.xcconfig */,
				1281FF159FAD998BF4E6DD8A /* Pods-FakeUltroDemo-FakeUltroDemoUITests.debug.xcconfig */,
				9149042F0B1D5F4DE9E181C0 /* Pods-FakeUltroDemo-FakeUltroDemoUITests.release.xcconfig */,
				09737F07C233B1F91189370A /* Pods-FakeUltroDemoTests.debug.xcconfig */,
				C3B33C68F2B0D543B5462237 /* Pods-FakeUltroDemoTests.release.xcconfig */,
			);
			name = Pods;
			path = Pods;
			sourceTree = "<group>";
		};
		BA4D66D74EA64F5C0A6F283E /* Frameworks */ = {
			isa = PBXGroup;
			children = (
				FBBF985DDD2D187B3CE5E1CD /* Pods_FakeUltroDemo.framework */,
				CAF9AAA4093C146A09AF72AF /* Pods_FakeUltroDemo_FakeUltroDemoUITests.framework */,
				99BE5A573396360968DD8601 /* Pods_FakeUltroDemoTests.framework */,
			);
			name = Frameworks;
			sourceTree = "<group>";
		};
/* End PBXGroup section */

/* Begin PBXNativeTarget section */
		711E365D2A1CA14D00DB305D /* FakeUltroDemo */ = {
			isa = PBXNativeTarget;
			buildConfigurationList = 711E36832A1CA14E00DB305D /* Build configuration list for PBXNativeTarget "FakeUltroDemo" */;
			buildPhases = (
				23C97C863712DD9C9E4BE371 /* [CP] Check Pods Manifest.lock */,
				711E365A2A1CA14D00DB305D /* Sources */,
				711E365B2A1CA14D00DB305D /* Frameworks */,
				711E365C2A1CA14D00DB305D /* Resources */,
			);
			buildRules = (
			);
			dependencies = (
			);
			name = FakeUltroDemo;
			productName = FakeUltroDemo;
			productReference = 711E365E2A1CA14D00DB305D /* FakeUltroDemo.app */;
			productType = "com.apple.product-type.application";
		};
		711E366E2A1CA14E00DB305D /* FakeUltroDemoTests */ = {
			isa = PBXNativeTarget;
			buildConfigurationList = 711E36862A1CA14E00DB305D /* Build configuration list for PBXNativeTarget "FakeUltroDemoTests" */;
			buildPhases = (
				F32E8D45494C2CE61FA817F6 /* [CP] Check Pods Manifest.lock */,
				711E366B2A1CA14E00DB305D /* Sources */,
				711E366C2A1CA14E00DB305D /* Frameworks */,
				711E366D2A1CA14E00DB305D /* Resources */,
			);
			buildRules = (
			);
			dependencies = (
				711E36712A1CA14E00DB305D /* PBXTargetDependency */,
			);
			name = FakeUltroDemoTests;
			productName = FakeUltroDemoTests;
			productReference = 711E366F2A1CA14E00DB305D /* FakeUltroDemoTests.xctest */;
			productType = "com.apple.product-type.bundle.unit-test";
		};
		711E36782A1CA14E00DB305D /* FakeUltroDemoUITests */ = {
			isa = PBXNativeTarget;
			buildConfigurationList = 711E36892A1CA14E00DB305D /* Build configuration list for PBXNativeTarget "FakeUltroDemoUITests" */;
			buildPhases = (
				B1CD64FB4BB81486E69077BE /* [CP] Check Pods Manifest.lock */,
				711E36752A1CA14E00DB305D /* Sources */,
				711E36762A1CA14E00DB305D /* Frameworks */,
				711E36772A1CA14E00DB305D /* Resources */,
			);
			buildRules = (
			);
			dependencies = (
				711E367B2A1CA14E00DB305D /* PBXTargetDependency */,
			);
			name = FakeUltroDemoUITests;
			productName = FakeUltroDemoUITests;
			productReference = 711E36792A1CA14E00DB305D /* FakeUltroDemoUITests.xctest */;
			productType = "com.apple.product-type.bundle.ui-testing";
		};
/* End PBXNativeTarget section */

/* Begin PBXProject section */
		711E36562A1CA14D00DB305D /* Project object */ = {
			isa = PBXProject;
			attributes = {
				BuildIndependentTargetsInParallel = 1;
				LastSwiftUpdateCheck = 1430;
				LastUpgradeCheck = 1430;
				TargetAttributes = {
					711E365D2A1CA14D00DB305D = {
						CreatedOnToolsVersion = 14.3;
						LastSwiftMigration = 1430;
					};
					711E366E2A1CA14E00DB305D = {
						CreatedOnToolsVersion = 14.3;
						TestTargetID = 711E365D2A1CA14D00DB305D;
					};
					711E36782A1CA14E00DB305D = {
						CreatedOnToolsVersion = 14.3;
						TestTargetID = 711E365D2A1CA14D00DB305D;
					};
				};
			};
			buildConfigurationList = 711E36592A1CA14D00DB305D /* Build configuration list for PBXProject "FakeUltroDemo" */;
			compatibilityVersion = "Xcode 14.0";
			developmentRegion = en;
			hasScannedForEncodings = 0;
			knownRegions = (
				en,
				Base,
			);
			mainGroup = 711E36552A1CA14D00DB305D;
			productRefGroup = 711E365F2A1CA14D00DB305D /* Products */;
			projectDirPath = "";
			projectRoot = "";
			targets = (
				711E365D2A1CA14D00DB305D /* FakeUltroDemo */,
				711E366E2A1CA14E00DB305D /* FakeUltroDemoTests */,
				711E36782A1CA14E00DB305D /* FakeUltroDemoUITests */,
			);
		};
/* End PBXProject section */

/* Begin PBXResourcesBuildPhase section */
		711E365C2A1CA14D00DB305D /* Resources */ = {
			isa = PBXResourcesBuildPhase;
			buildActionMask = 2147483647;
			files = (
				711E36692A1CA14E00DB305D /* Preview Assets.xcassets in Resources */,
				711E36662A1CA14E00DB305D /* Assets.xcassets in Resources */,
			);
			runOnlyForDeploymentPostprocessing = 0;
		};
		711E366D2A1CA14E00DB305D /* Resources */ = {
			isa = PBXResourcesBuildPhase;
			buildActionMask = 2147483647;
			files = (
			);
			runOnlyForDeploymentPostprocessing = 0;
		};
		711E36772A1CA14E00DB305D /* Resources */ = {
			isa = PBXResourcesBuildPhase;
			buildActionMask = 2147483647;
			files = (
			);
			runOnlyForDeploymentPostprocessing = 0;
		};
/* End PBXResourcesBuildPhase section */

/* Begin PBXShellScriptBuildPhase section */
		23C97C863712DD9C9E4BE371 /* [CP] Check Pods Manifest.lock */ = {
			isa = PBXShellScriptBuildPhase;
			buildActionMask = 2147483647;
			files = (
			);
			inputFileListPaths = (
			);
			inputPaths = (
				"${PODS_PODFILE_DIR_PATH}/Podfile.lock",
				"${PODS_ROOT}/Manifest.lock",
			);
			name = "[CP] Check Pods Manifest.lock";
			outputFileListPaths = (
			);
			outputPaths = (
				"$(DERIVED_FILE_DIR)/Pods-FakeUltroDemo-checkManifestLockResult.txt",
			);
			runOnlyForDeploymentPostprocessing = 0;
			shellPath = /bin/sh;
			shellScript = "diff \"${PODS_PODFILE_DIR_PATH}/Podfile.lock\" \"${PODS_ROOT}/Manifest.lock\" > /dev/null\nif [ $? != 0 ] ; then\n    # print error to STDERR\n    echo \"error: The sandbox is not in sync with the Podfile.lock. Run 'pod install' or update your CocoaPods installation.\" >&2\n    exit 1\nfi\n# This output is used by Xcode 'outputs' to avoid re-running this script phase.\necho \"SUCCESS\" > \"${SCRIPT_OUTPUT_FILE_0}\"\n";
			showEnvVarsInLog = 0;
		};
		B1CD64FB4BB81486E69077BE /* [CP] Check Pods Manifest.lock */ = {
			isa = PBXShellScriptBuildPhase;
			buildActionMask = 2147483647;
			files = (
			);
			inputFileListPaths = (
			);
			inputPaths = (
				"${PODS_PODFILE_DIR_PATH}/Podfile.lock",
				"${PODS_ROOT}/Manifest.lock",
			);
			name = "[CP] Check Pods Manifest.lock";
			outputFileListPaths = (
			);
			outputPaths = (
				"$(DERIVED_FILE_DIR)/Pods-FakeUltroDemo-FakeUltroDemoUITests-checkManifestLockResult.txt",
			);
			runOnlyForDeploymentPostprocessing = 0;
			shellPath = /bin/sh;
			shellScript = "diff \"${PODS_PODFILE_DIR_PATH}/Podfile.lock\" \"${PODS_ROOT}/Manifest.lock\" > /dev/null\nif [ $? != 0 ] ; then\n    # print error to STDERR\n    echo \"error: The sandbox is not in sync with the Podfile.lock. Run 'pod install' or update your CocoaPods installation.\" >&2\n    exit 1\nfi\n# This output is used by Xcode 'outputs' to avoid re-running this script phase.\necho \"SUCCESS\" > \"${SCRIPT_OUTPUT_FILE_0}\"\n";
			showEnvVarsInLog = 0;
		};
		F32E8D45494C2CE61FA817F6 /* [CP] Check Pods Manifest.lock */ = {
			isa = PBXShellScriptBuildPhase;
			buildActionMask = 2147483647;
			files = (
			);
			inputFileListPaths = (
			);
			inputPaths = (
				"${PODS_PODFILE_DIR_PATH}/Podfile.lock",
				"${PODS_ROOT}/Manifest.lock",
			);
			name = "[CP] Check Pods Manifest.lock";
			outputFileListPaths = (
			);
			outputPaths = (
				"$(DERIVED_FILE_DIR)/Pods-FakeUltroDemoTests-checkManifestLockResult.txt",
			);
			runOnlyForDeploymentPostprocessing = 0;
			shellPath = /bin/sh;
			shellScript = "diff \"${PODS_PODFILE_DIR_PATH}/Podfile.lock\" \"${PODS_ROOT}/Manifest.lock\" > /dev/null\nif [ $? != 0 ] ; then\n    # print error to STDERR\n    echo \"error: The sandbox is not in sync with the Podfile.lock. Run 'pod install' or update your CocoaPods installation.\" >&2\n    exit 1\nfi\n# This output is used by Xcode 'outputs' to avoid re-running this script phase.\necho \"SUCCESS\" > \"${SCRIPT_OUTPUT_FILE_0}\"\n";
			showEnvVarsInLog = 0;
		};
/* End PBXShellScriptBuildPhase section */

/* Begin PBXSourcesBuildPhase section */
		711E365A2A1CA14D00DB305D /* Sources */ = {
			isa = PBXSourcesBuildPhase;
			buildActionMask = 2147483647;
			files = (
				711E36642A1CA14D00DB305D /* ContentView.swift in Sources */,
				718B42C22A24C33F004E215C /* FUTCPRequestSerializer.m in Sources */,
				711E36622A1CA14D00DB305D /* FakeUltroDemoApp.swift in Sources */,
				715132D72A1DE54D0069C784 /* usbmux.m in Sources */,
				718B42BF2A24BEE6004E215C /* FUTCPRequest.m in Sources */,
				715132D42A1DE5070069C784 /* FUUsbMuxManager.m in Sources */,
				718B42BC2A24BEA4004E215C /* FUUsbMuxRequest.m in Sources */,
				711E368D2A1CA22100DB305D /* FUMessageManager.swift in Sources */,
			);
			runOnlyForDeploymentPostprocessing = 0;
		};
		711E366B2A1CA14E00DB305D /* Sources */ = {
			isa = PBXSourcesBuildPhase;
			buildActionMask = 2147483647;
			files = (
				711E36742A1CA14E00DB305D /* FakeUltroDemoTests.swift in Sources */,
			);
			runOnlyForDeploymentPostprocessing = 0;
		};
		711E36752A1CA14E00DB305D /* Sources */ = {
			isa = PBXSourcesBuildPhase;
			buildActionMask = 2147483647;
			files = (
				711E367E2A1CA14E00DB305D /* FakeUltroDemoUITests.swift in Sources */,
				711E36802A1CA14E00DB305D /* FakeUltroDemoUITestsLaunchTests.swift in Sources */,
			);
			runOnlyForDeploymentPostprocessing = 0;
		};
/* End PBXSourcesBuildPhase section */

/* Begin PBXTargetDependency section */
		711E36712A1CA14E00DB305D /* PBXTargetDependency */ = {
			isa = PBXTargetDependency;
			target = 711E365D2A1CA14D00DB305D /* FakeUltroDemo */;
			targetProxy = 711E36702A1CA14E00DB305D /* PBXContainerItemProxy */;
		};
		711E367B2A1CA14E00DB305D /* PBXTargetDependency */ = {
			isa = PBXTargetDependency;
			target = 711E365D2A1CA14D00DB305D /* FakeUltroDemo */;
			targetProxy = 711E367A2A1CA14E00DB305D /* PBXContainerItemProxy */;
		};
/* End PBXTargetDependency section */

/* Begin XCBuildConfiguration section */
		711E36812A1CA14E00DB305D /* Debug */ = {
			isa = XCBuildConfiguration;
			buildSettings = {
				ALWAYS_SEARCH_USER_PATHS = NO;
				CLANG_ANALYZER_NONNULL = YES;
				CLANG_ANALYZER_NUMBER_OBJECT_CONVERSION = YES_AGGRESSIVE;
				CLANG_CXX_LANGUAGE_STANDARD = "gnu++20";
				CLANG_ENABLE_MODULES = YES;
				CLANG_ENABLE_OBJC_ARC = YES;
				CLANG_ENABLE_OBJC_WEAK = YES;
				CLANG_WARN_BLOCK_CAPTURE_AUTORELEASING = YES;
				CLANG_WARN_BOOL_CONVERSION = YES;
				CLANG_WARN_COMMA = YES;
				CLANG_WARN_CONSTANT_CONVERSION = YES;
				CLANG_WARN_DEPRECATED_OBJC_IMPLEMENTATIONS = YES;
				CLANG_WARN_DIRECT_OBJC_ISA_USAGE = YES_ERROR;
				CLANG_WARN_DOCUMENTATION_COMMENTS = YES;
				CLANG_WARN_EMPTY_BODY = YES;
				CLANG_WARN_ENUM_CONVERSION = YES;
				CLANG_WARN_INFINITE_RECURSION = YES;
				CLANG_WARN_INT_CONVERSION = YES;
				CLANG_WARN_NON_LITERAL_NULL_CONVERSION = YES;
				CLANG_WARN_OBJC_IMPLICIT_RETAIN_SELF = YES;
				CLANG_WARN_OBJC_LITERAL_CONVERSION = YES;
				CLANG_WARN_OBJC_ROOT_CLASS = YES_ERROR;
				CLANG_WARN_QUOTED_INCLUDE_IN_FRAMEWORK_HEADER = YES;
				CLANG_WARN_RANGE_LOOP_ANALYSIS = YES;
				CLANG_WARN_STRICT_PROTOTYPES = YES;
				CLANG_WARN_SUSPICIOUS_MOVE = YES;
				CLANG_WARN_UNGUARDED_AVAILABILITY = YES_AGGRESSIVE;
				CLANG_WARN_UNREACHABLE_CODE = YES;
				CLANG_WARN__DUPLICATE_METHOD_MATCH = YES;
				COPY_PHASE_STRIP = NO;
				DEBUG_INFORMATION_FORMAT = dwarf;
				ENABLE_STRICT_OBJC_MSGSEND = YES;
				ENABLE_TESTABILITY = YES;
				GCC_C_LANGUAGE_STANDARD = gnu11;
				GCC_DYNAMIC_NO_PIC = NO;
				GCC_NO_COMMON_BLOCKS = YES;
				GCC_OPTIMIZATION_LEVEL = 0;
				GCC_PREPROCESSOR_DEFINITIONS = (
					"DEBUG=1",
					"$(inherited)",
				);
				GCC_WARN_64_TO_32_BIT_CONVERSION = YES;
				GCC_WARN_ABOUT_RETURN_TYPE = YES_ERROR;
				GCC_WARN_UNDECLARED_SELECTOR = YES;
				GCC_WARN_UNINITIALIZED_AUTOS = YES_AGGRESSIVE;
				GCC_WARN_UNUSED_FUNCTION = YES;
				GCC_WARN_UNUSED_VARIABLE = YES;
				MACOSX_DEPLOYMENT_TARGET = 13.0;
				MTL_ENABLE_DEBUG_INFO = INCLUDE_SOURCE;
				MTL_FAST_MATH = YES;
				ONLY_ACTIVE_ARCH = YES;
				SDKROOT = macosx;
				SWIFT_ACTIVE_COMPILATION_CONDITIONS = DEBUG;
				SWIFT_OPTIMIZATION_LEVEL = "-Onone";
			};
			name = Debug;
		};
		711E36822A1CA14E00DB305D /* Release */ = {
			isa = XCBuildConfiguration;
			buildSettings = {
				ALWAYS_SEARCH_USER_PATHS = NO;
				CLANG_ANALYZER_NONNULL = YES;
				CLANG_ANALYZER_NUMBER_OBJECT_CONVERSION = YES_AGGRESSIVE;
				CLANG_CXX_LANGUAGE_STANDARD = "gnu++20";
				CLANG_ENABLE_MODULES = YES;
				CLANG_ENABLE_OBJC_ARC = YES;
				CLANG_ENABLE_OBJC_WEAK = YES;
				CLANG_WARN_BLOCK_CAPTURE_AUTORELEASING = YES;
				CLANG_WARN_BOOL_CONVERSION = YES;
				CLANG_WARN_COMMA = YES;
				CLANG_WARN_CONSTANT_CONVERSION = YES;
				CLANG_WARN_DEPRECATED_OBJC_IMPLEMENTATIONS = YES;
				CLANG_WARN_DIRECT_OBJC_ISA_USAGE = YES_ERROR;
				CLANG_WARN_DOCUMENTATION_COMMENTS = YES;
				CLANG_WARN_EMPTY_BODY = YES;
				CLANG_WARN_ENUM_CONVERSION = YES;
				CLANG_WARN_INFINITE_RECURSION = YES;
				CLANG_WARN_INT_CONVERSION = YES;
				CLANG_WARN_NON_LITERAL_NULL_CONVERSION = YES;
				CLANG_WARN_OBJC_IMPLICIT_RETAIN_SELF = YES;
				CLANG_WARN_OBJC_LITERAL_CONVERSION = YES;
				CLANG_WARN_OBJC_ROOT_CLASS = YES_ERROR;
				CLANG_WARN_QUOTED_INCLUDE_IN_FRAMEWORK_HEADER = YES;
				CLANG_WARN_RANGE_LOOP_ANALYSIS = YES;
				CLANG_WARN_STRICT_PROTOTYPES = YES;
				CLANG_WARN_SUSPICIOUS_MOVE = YES;
				CLANG_WARN_UNGUARDED_AVAILABILITY = YES_AGGRESSIVE;
				CLANG_WARN_UNREACHABLE_CODE = YES;
				CLANG_WARN__DUPLICATE_METHOD_MATCH = YES;
				COPY_PHASE_STRIP = NO;
				DEBUG_INFORMATION_FORMAT = "dwarf-with-dsym";
				ENABLE_NS_ASSERTIONS = NO;
				ENABLE_STRICT_OBJC_MSGSEND = YES;
				GCC_C_LANGUAGE_STANDARD = gnu11;
				GCC_NO_COMMON_BLOCKS = YES;
				GCC_WARN_64_TO_32_BIT_CONVERSION = YES;
				GCC_WARN_ABOUT_RETURN_TYPE = YES_ERROR;
				GCC_WARN_UNDECLARED_SELECTOR = YES;
				GCC_WARN_UNINITIALIZED_AUTOS = YES_AGGRESSIVE;
				GCC_WARN_UNUSED_FUNCTION = YES;
				GCC_WARN_UNUSED_VARIABLE = YES;
				MACOSX_DEPLOYMENT_TARGET = 13.0;
				MTL_ENABLE_DEBUG_INFO = NO;
				MTL_FAST_MATH = YES;
				SDKROOT = macosx;
				SWIFT_COMPILATION_MODE = wholemodule;
				SWIFT_OPTIMIZATION_LEVEL = "-O";
			};
			name = Release;
		};
		711E36842A1CA14E00DB305D /* Debug */ = {
			isa = XCBuildConfiguration;
			baseConfigurationReference = 4AC2CB2302B5175537ADE2D9 /* Pods-FakeUltroDemo.debug.xcconfig */;
			buildSettings = {
				ASSETCATALOG_COMPILER_APPICON_NAME = AppIcon;
				ASSETCATALOG_COMPILER_GLOBAL_ACCENT_COLOR_NAME = AccentColor;
				CLANG_ENABLE_MODULES = YES;
				CODE_SIGN_ENTITLEMENTS = FakeUltroDemo/FakeUltroDemo.entitlements;
				CODE_SIGN_STYLE = Automatic;
				COMBINE_HIDPI_IMAGES = YES;
				CURRENT_PROJECT_VERSION = 1;
				DEVELOPMENT_ASSET_PATHS = "\"FakeUltroDemo/Preview Content\"";
				ENABLE_PREVIEWS = YES;
				GENERATE_INFOPLIST_FILE = YES;
				INFOPLIST_KEY_NSHumanReadableCopyright = "";
				LD_RUNPATH_SEARCH_PATHS = (
					"$(inherited)",
					"@executable_path/../Frameworks",
				);
				MARKETING_VERSION = 1.0;
				PRODUCT_BUNDLE_IDENTIFIER = com.forthonliu.FakeUltroDemo;
				PRODUCT_NAME = "$(TARGET_NAME)";
				SWIFT_EMIT_LOC_STRINGS = YES;
				SWIFT_OBJC_BRIDGING_HEADER = "FakeUltroDemo/FakeUltroDemo-Bridging-Header.h";
				SWIFT_OPTIMIZATION_LEVEL = "-Onone";
				SWIFT_VERSION = 5.0;
			};
			name = Debug;
		};
		711E36852A1CA14E00DB305D /* Release */ = {
			isa = XCBuildConfiguration;
			baseConfigurationReference = 07C7AA48A8AB78352FE972F9 /* Pods-FakeUltroDemo.release.xcconfig */;
			buildSettings = {
				ASSETCATALOG_COMPILER_APPICON_NAME = AppIcon;
				ASSETCATALOG_COMPILER_GLOBAL_ACCENT_COLOR_NAME = AccentColor;
				CLANG_ENABLE_MODULES = YES;
				CODE_SIGN_ENTITLEMENTS = FakeUltroDemo/FakeUltroDemo.entitlements;
				CODE_SIGN_STYLE = Automatic;
				COMBINE_HIDPI_IMAGES = YES;
				CURRENT_PROJECT_VERSION = 1;
				DEVELOPMENT_ASSET_PATHS = "\"FakeUltroDemo/Preview Content\"";
				ENABLE_PREVIEWS = YES;
				GENERATE_INFOPLIST_FILE = YES;
				INFOPLIST_KEY_NSHumanReadableCopyright = "";
				LD_RUNPATH_SEARCH_PATHS = (
					"$(inherited)",
					"@executable_path/../Frameworks",
				);
				MARKETING_VERSION = 1.0;
				PRODUCT_BUNDLE_IDENTIFIER = com.forthonliu.FakeUltroDemo;
				PRODUCT_NAME = "$(TARGET_NAME)";
				SWIFT_EMIT_LOC_STRINGS = YES;
				SWIFT_OBJC_BRIDGING_HEADER = "FakeUltroDemo/FakeUltroDemo-Bridging-Header.h";
				SWIFT_VERSION = 5.0;
			};
			name = Release;
		};
		711E36872A1CA14E00DB305D /* Debug */ = {
			isa = XCBuildConfiguration;
			baseConfigurationReference = 09737F07C233B1F91189370A /* Pods-FakeUltroDemoTests.debug.xcconfig */;
			buildSettings = {
				ALWAYS_EMBED_SWIFT_STANDARD_LIBRARIES = YES;
				BUNDLE_LOADER = "$(TEST_HOST)";
				CODE_SIGN_STYLE = Automatic;
				CURRENT_PROJECT_VERSION = 1;
				GENERATE_INFOPLIST_FILE = YES;
				MACOSX_DEPLOYMENT_TARGET = 13.0;
				MARKETING_VERSION = 1.0;
				PRODUCT_BUNDLE_IDENTIFIER = com.forthonliu.FakeUltroDemoTests;
				PRODUCT_NAME = "$(TARGET_NAME)";
				SWIFT_EMIT_LOC_STRINGS = NO;
				SWIFT_VERSION = 5.0;
				TEST_HOST = "$(BUILT_PRODUCTS_DIR)/FakeUltroDemo.app/$(BUNDLE_EXECUTABLE_FOLDER_PATH)/FakeUltroDemo";
			};
			name = Debug;
		};
		711E36882A1CA14E00DB305D /* Release */ = {
			isa = XCBuildConfiguration;
			baseConfigurationReference = C3B33C68F2B0D543B5462237 /* Pods-FakeUltroDemoTests.release.xcconfig */;
			buildSettings = {
				ALWAYS_EMBED_SWIFT_STANDARD_LIBRARIES = YES;
				BUNDLE_LOADER = "$(TEST_HOST)";
				CODE_SIGN_STYLE = Automatic;
				CURRENT_PROJECT_VERSION = 1;
				GENERATE_INFOPLIST_FILE = YES;
				MACOSX_DEPLOYMENT_TARGET = 13.0;
				MARKETING_VERSION = 1.0;
				PRODUCT_BUNDLE_IDENTIFIER = com.forthonliu.FakeUltroDemoTests;
				PRODUCT_NAME = "$(TARGET_NAME)";
				SWIFT_EMIT_LOC_STRINGS = NO;
				SWIFT_VERSION = 5.0;
				TEST_HOST = "$(BUILT_PRODUCTS_DIR)/FakeUltroDemo.app/$(BUNDLE_EXECUTABLE_FOLDER_PATH)/FakeUltroDemo";
			};
			name = Release;
		};
		711E368A2A1CA14E00DB305D /* Debug */ = {
			isa = XCBuildConfiguration;
			baseConfigurationReference = 1281FF159FAD998BF4E6DD8A /* Pods-FakeUltroDemo-FakeUltroDemoUITests.debug.xcconfig */;
			buildSettings = {
				ALWAYS_EMBED_SWIFT_STANDARD_LIBRARIES = YES;
				CODE_SIGN_STYLE = Automatic;
				CURRENT_PROJECT_VERSION = 1;
				GENERATE_INFOPLIST_FILE = YES;
				MARKETING_VERSION = 1.0;
				PRODUCT_BUNDLE_IDENTIFIER = com.forthonliu.FakeUltroDemoUITests;
				PRODUCT_NAME = "$(TARGET_NAME)";
				SWIFT_EMIT_LOC_STRINGS = NO;
				SWIFT_VERSION = 5.0;
				TEST_TARGET_NAME = FakeUltroDemo;
			};
			name = Debug;
		};
		711E368B2A1CA14E00DB305D /* Release */ = {
			isa = XCBuildConfiguration;
			baseConfigurationReference = 9149042F0B1D5F4DE9E181C0 /* Pods-FakeUltroDemo-FakeUltroDemoUITests.release.xcconfig */;
			buildSettings = {
				ALWAYS_EMBED_SWIFT_STANDARD_LIBRARIES = YES;
				CODE_SIGN_STYLE = Automatic;
				CURRENT_PROJECT_VERSION = 1;
				GENERATE_INFOPLIST_FILE = YES;
				MARKETING_VERSION = 1.0;
				PRODUCT_BUNDLE_IDENTIFIER = com.forthonliu.FakeUltroDemoUITests;
				PRODUCT_NAME = "$(TARGET_NAME)";
				SWIFT_EMIT_LOC_STRINGS = NO;
				SWIFT_VERSION = 5.0;
				TEST_TARGET_NAME = FakeUltroDemo;
			};
			name = Release;
		};
/* End XCBuildConfiguration section */

/* Begin XCConfigurationList section */
		711E36592A1CA14D00DB305D /* Build configuration list for PBXProject "FakeUltroDemo" */ = {
			isa = XCConfigurationList;
			buildConfigurations = (
				711E36812A1CA14E00DB305D /* Debug */,
				711E36822A1CA14E00DB305D /* Release */,
			);
			defaultConfigurationIsVisible = 0;
			defaultConfigurationName = Release;
		};
		711E36832A1CA14E00DB305D /* Build configuration list for PBXNativeTarget "FakeUltroDemo" */ = {
			isa = XCConfigurationList;
			buildConfigurations = (
				711E36842A1CA14E00DB305D /* Debug */,
				711E36852A1CA14E00DB305D /* Release */,
			);
			defaultConfigurationIsVisible = 0;
			defaultConfigurationName = Release;
		};
		711E36862A1CA14E00DB305D /* Build configuration list for PBXNativeTarget "FakeUltroDemoTests" */ = {
			isa = XCConfigurationList;
			buildConfigurations = (
				711E36872A1CA14E00DB305D /* Debug */,
				711E36882A1CA14E00DB305D /* Release */,
			);
			defaultConfigurationIsVisible = 0;
			defaultConfigurationName = Release;
		};
		711E36892A1CA14E00DB305D /* Build configuration list for PBXNativeTarget "FakeUltroDemoUITests" */ = {
			isa = XCConfigurationList;
			buildConfigurations = (
				711E368A2A1CA14E00DB305D /* Debug */,
				711E368B2A1CA14E00DB305D /* Release */,
			);
			defaultConfigurationIsVisible = 0;
			defaultConfigurationName = Release;
		};
/* End XCConfigurationList section */
	};
	rootObject = 711E36562A1CA14D00DB305D /* Project object */;
}
